
Microsoft Visual Studio Solution File, Format Version 12.00
# Visual Studio Version 17
VisualStudioVersion = 17.0.31903.59
MinimumVisualStudioVersion = 10.0.40219.1
Project("{2150E333-8FDC-42A3-9474-1A3956D46DE8}") = "src", "src", "{827E0CD3-B72D-47B6-A68D-7590B98EB39B}"
EndProject
Project("{FAE04EC0-301F-11D3-BF4B-00C04F79EFBC}") = "RhinoSurfaceMapper.Application", "src\RhinoSurfaceMapper.Application\RhinoSurfaceMapper.Application.csproj", "{BA1CF38A-4599-47C0-B840-373D5AAC8779}"
EndProject
Project("{FAE04EC0-301F-11D3-BF4B-00C04F79EFBC}") = "RhinoSurfaceMapper.Desktop", "src\RhinoSurfaceMapper.Desktop\RhinoSurfaceMapper.Desktop.csproj", "{111227E4-1133-472F-947B-9F74D075600B}"
EndProject
Project("{FAE04EC0-301F-11D3-BF4B-00C04F79EFBC}") = "RhinoSurfaceMapper.Domain", "src\RhinoSurfaceMapper.Domain\RhinoSurfaceMapper.Domain.csproj", "{8C4726A3-7F79-489C-B107-5FE99D1B0CFD}"
EndProject
Project("{FAE04EC0-301F-11D3-BF4B-00C04F79EFBC}") = "RhinoSurfaceMapper.Infrastructure", "src\RhinoSurfaceMapper.Infrastructure\RhinoSurfaceMapper.Infrastructure.csproj", "{A17C13E0-8CAA-4915-BB8D-E97E41AD39C0}"
EndProject
Project("{FAE04EC0-301F-11D3-BF4B-00C04F79EFBC}") = "RhinoSurfaceMapper.Platform.Windows", "src\RhinoSurfaceMapper.Platform.Windows\RhinoSurfaceMapper.Platform.Windows.csproj", "{4A43A6F1-FBE0-43E3-8637-3F4AAF538950}"
EndProject
Project("{FAE04EC0-301F-11D3-BF4B-00C04F79EFBC}") = "RhinoSurfaceMapper.UI.Components", "src\RhinoSurfaceMapper.UI.Components\RhinoSurfaceMapper.UI.Components.csproj", "{BBEDA482-9004-4B7F-9243-5466A55AB6A2}"
EndProject
Project("{2150E333-8FDC-42A3-9474-1A3956D46DE8}") = "tests", "tests", "{0AB3BF05-4346-4AA6-1389-037BE0695223}"
EndProject
Project("{FAE04EC0-301F-11D3-BF4B-00C04F79EFBC}") = "RhinoSurfaceMapper.Application.Tests", "tests\RhinoSurfaceMapper.Application.Tests\RhinoSurfaceMapper.Application.Tests.csproj", "{B0357EC3-AB1B-4876-A0D6-5ADC82F427AF}"
EndProject
Project("{FAE04EC0-301F-11D3-BF4B-00C04F79EFBC}") = "RhinoSurfaceMapper.Domain.Tests", "tests\RhinoSurfaceMapper.Domain.Tests\RhinoSurfaceMapper.Domain.Tests.csproj", "{194CDD5D-A37D-4403-AEA0-F1C581D38055}"
EndProject
Project("{FAE04EC0-301F-11D3-BF4B-00C04F79EFBC}") = "RhinoSurfaceMapper.Infrastructure.Tests", "tests\RhinoSurfaceMapper.Infrastructure.Tests\RhinoSurfaceMapper.Infrastructure.Tests.csproj", "{960E71BC-A840-4BDF-9629-5B9E8F6A3285}"
EndProject
Project("{FAE04EC0-301F-11D3-BF4B-00C04F79EFBC}") = "RhinoSurfaceMapper.Platform.Windows.Tests", "tests\RhinoSurfaceMapper.Platform.Windows.Tests\RhinoSurfaceMapper.Platform.Windows.Tests.csproj", "{7F485432-621C-4EF9-927F-57621A34A147}"
EndProject
Project("{FAE04EC0-301F-11D3-BF4B-00C04F79EFBC}") = "RhinoSurfaceMapper.UI.Components.Tests", "tests\RhinoSurfaceMapper.UI.Components.Tests\RhinoSurfaceMapper.UI.Components.Tests.csproj", "{0025116C-8065-422B-A6D6-79DB29CA357A}"
EndProject
Project("{FAE04EC0-301F-11D3-BF4B-00C04F79EFBC}") = "RhinoSurfaceMapper.Desktop.Tests", "tests\RhinoSurfaceMapper.Desktop.Tests\RhinoSurfaceMapper.Desktop.Tests.csproj", "{05976BC0-F5C4-4EDC-8EB9-0FDAB8A24020}"
EndProject
Global
	GlobalSection(SolutionConfigurationPlatforms) = preSolution
		Debug|Any CPU = Debug|Any CPU
		Debug|x64 = Debug|x64
		Debug|x86 = Debug|x86
		Release|Any CPU = Release|Any CPU
		Release|x64 = Release|x64
		Release|x86 = Release|x86
	EndGlobalSection
	GlobalSection(ProjectConfigurationPlatforms) = postSolution
		{BA1CF38A-4599-47C0-B840-373D5AAC8779}.Debug|Any CPU.ActiveCfg = Debug|Any CPU
		{BA1CF38A-4599-47C0-B840-373D5AAC8779}.Debug|Any CPU.Build.0 = Debug|Any CPU
		{BA1CF38A-4599-47C0-B840-373D5AAC8779}.Debug|x64.ActiveCfg = Debug|Any CPU
		{BA1CF38A-4599-47C0-B840-373D5AAC8779}.Debug|x64.Build.0 = Debug|Any CPU
		{BA1CF38A-4599-47C0-B840-373D5AAC8779}.Debug|x86.ActiveCfg = Debug|Any CPU
		{BA1CF38A-4599-47C0-B840-373D5AAC8779}.Debug|x86.Build.0 = Debug|Any CPU
		{BA1CF38A-4599-47C0-B840-373D5AAC8779}.Release|Any CPU.ActiveCfg = Release|Any CPU
		{BA1CF38A-4599-47C0-B840-373D5AAC8779}.Release|Any CPU.Build.0 = Release|Any CPU
		{BA1CF38A-4599-47C0-B840-373D5AAC8779}.Release|x64.ActiveCfg = Release|Any CPU
		{BA1CF38A-4599-47C0-B840-373D5AAC8779}.Release|x64.Build.0 = Release|Any CPU
		{BA1CF38A-4599-47C0-B840-373D5AAC8779}.Release|x86.ActiveCfg = Release|Any CPU
		{BA1CF38A-4599-47C0-B840-373D5AAC8779}.Release|x86.Build.0 = Release|Any CPU
		{111227E4-1133-472F-947B-9F74D075600B}.Debug|Any CPU.ActiveCfg = Debug|Any CPU
		{111227E4-1133-472F-947B-9F74D075600B}.Debug|Any CPU.Build.0 = Debug|Any CPU
		{111227E4-1133-472F-947B-9F74D075600B}.Debug|x64.ActiveCfg = Debug|Any CPU
		{111227E4-1133-472F-947B-9F74D075600B}.Debug|x64.Build.0 = Debug|Any CPU
		{111227E4-1133-472F-947B-9F74D075600B}.Debug|x86.ActiveCfg = Debug|Any CPU
		{111227E4-1133-472F-947B-9F74D075600B}.Debug|x86.Build.0 = Debug|Any CPU
		{111227E4-1133-472F-947B-9F74D075600B}.Release|Any CPU.ActiveCfg = Release|Any CPU
		{111227E4-1133-472F-947B-9F74D075600B}.Release|Any CPU.Build.0 = Release|Any CPU
		{111227E4-1133-472F-947B-9F74D075600B}.Release|x64.ActiveCfg = Release|Any CPU
		{111227E4-1133-472F-947B-9F74D075600B}.Release|x64.Build.0 = Release|Any CPU
		{111227E4-1133-472F-947B-9F74D075600B}.Release|x86.ActiveCfg = Release|Any CPU
		{111227E4-1133-472F-947B-9F74D075600B}.Release|x86.Build.0 = Release|Any CPU
		{8C4726A3-7F79-489C-B107-5FE99D1B0CFD}.Debug|Any CPU.ActiveCfg = Debug|Any CPU
		{8C4726A3-7F79-489C-B107-5FE99D1B0CFD}.Debug|Any CPU.Build.0 = Debug|Any CPU
		{8C4726A3-7F79-489C-B107-5FE99D1B0CFD}.Debug|x64.ActiveCfg = Debug|Any CPU
		{8C4726A3-7F79-489C-B107-5FE99D1B0CFD}.Debug|x64.Build.0 = Debug|Any CPU
		{8C4726A3-7F79-489C-B107-5FE99D1B0CFD}.Debug|x86.ActiveCfg = Debug|Any CPU
		{8C4726A3-7F79-489C-B107-5FE99D1B0CFD}.Debug|x86.Build.0 = Debug|Any CPU
		{8C4726A3-7F79-489C-B107-5FE99D1B0CFD}.Release|Any CPU.ActiveCfg = Release|Any CPU
		{8C4726A3-7F79-489C-B107-5FE99D1B0CFD}.Release|Any CPU.Build.0 = Release|Any CPU
		{8C4726A3-7F79-489C-B107-5FE99D1B0CFD}.Release|x64.ActiveCfg = Release|Any CPU
		{8C4726A3-7F79-489C-B107-5FE99D1B0CFD}.Release|x64.Build.0 = Release|Any CPU
		{8C4726A3-7F79-489C-B107-5FE99D1B0CFD}.Release|x86.ActiveCfg = Release|Any CPU
		{8C4726A3-7F79-489C-B107-5FE99D1B0CFD}.Release|x86.Build.0 = Release|Any CPU
		{A17C13E0-8CAA-4915-BB8D-E97E41AD39C0}.Debug|Any CPU.ActiveCfg = Debug|Any CPU
		{A17C13E0-8CAA-4915-BB8D-E97E41AD39C0}.Debug|Any CPU.Build.0 = Debug|Any CPU
		{A17C13E0-8CAA-4915-BB8D-E97E41AD39C0}.Debug|x64.ActiveCfg = Debug|Any CPU
		{A17C13E0-8CAA-4915-BB8D-E97E41AD39C0}.Debug|x64.Build.0 = Debug|Any CPU
		{A17C13E0-8CAA-4915-BB8D-E97E41AD39C0}.Debug|x86.ActiveCfg = Debug|Any CPU
		{A17C13E0-8CAA-4915-BB8D-E97E41AD39C0}.Debug|x86.Build.0 = Debug|Any CPU
		{A17C13E0-8CAA-4915-BB8D-E97E41AD39C0}.Release|Any CPU.ActiveCfg = Release|Any CPU
		{A17C13E0-8CAA-4915-BB8D-E97E41AD39C0}.Release|Any CPU.Build.0 = Release|Any CPU
		{A17C13E0-8CAA-4915-BB8D-E97E41AD39C0}.Release|x64.ActiveCfg = Release|Any CPU
		{A17C13E0-8CAA-4915-BB8D-E97E41AD39C0}.Release|x64.Build.0 = Release|Any CPU
		{A17C13E0-8CAA-4915-BB8D-E97E41AD39C0}.Release|x86.ActiveCfg = Release|Any CPU
		{A17C13E0-8CAA-4915-BB8D-E97E41AD39C0}.Release|x86.Build.0 = Release|Any CPU
		{4A43A6F1-FBE0-43E3-8637-3F4AAF538950}.Debug|Any CPU.ActiveCfg = Debug|Any CPU
		{4A43A6F1-FBE0-43E3-8637-3F4AAF538950}.Debug|Any CPU.Build.0 = Debug|Any CPU
		{4A43A6F1-FBE0-43E3-8637-3F4AAF538950}.Debug|x64.ActiveCfg = Debug|Any CPU
		{4A43A6F1-FBE0-43E3-8637-3F4AAF538950}.Debug|x64.Build.0 = Debug|Any CPU
		{4A43A6F1-FBE0-43E3-8637-3F4AAF538950}.Debug|x86.ActiveCfg = Debug|Any CPU
		{4A43A6F1-FBE0-43E3-8637-3F4AAF538950}.Debug|x86.Build.0 = Debug|Any CPU
		{4A43A6F1-FBE0-43E3-8637-3F4AAF538950}.Release|Any CPU.ActiveCfg = Release|Any CPU
		{4A43A6F1-FBE0-43E3-8637-3F4AAF538950}.Release|Any CPU.Build.0 = Release|Any CPU
		{4A43A6F1-FBE0-43E3-8637-3F4AAF538950}.Release|x64.ActiveCfg = Release|Any CPU
		{4A43A6F1-FBE0-43E3-8637-3F4AAF538950}.Release|x64.Build.0 = Release|Any CPU
		{4A43A6F1-FBE0-43E3-8637-3F4AAF538950}.Release|x86.ActiveCfg = Release|Any CPU
		{4A43A6F1-FBE0-43E3-8637-3F4AAF538950}.Release|x86.Build.0 = Release|Any CPU
		{BBEDA482-9004-4B7F-9243-5466A55AB6A2}.Debug|Any CPU.ActiveCfg = Debug|Any CPU
		{BBEDA482-9004-4B7F-9243-5466A55AB6A2}.Debug|Any CPU.Build.0 = Debug|Any CPU
		{BBEDA482-9004-4B7F-9243-5466A55AB6A2}.Debug|x64.ActiveCfg = Debug|Any CPU
		{BBEDA482-9004-4B7F-9243-5466A55AB6A2}.Debug|x64.Build.0 = Debug|Any CPU
		{BBEDA482-9004-4B7F-9243-5466A55AB6A2}.Debug|x86.ActiveCfg = Debug|Any CPU
		{BBEDA482-9004-4B7F-9243-5466A55AB6A2}.Debug|x86.Build.0 = Debug|Any CPU
		{BBEDA482-9004-4B7F-9243-5466A55AB6A2}.Release|Any CPU.ActiveCfg = Release|Any CPU
		{BBEDA482-9004-4B7F-9243-5466A55AB6A2}.Release|Any CPU.Build.0 = Release|Any CPU
		{BBEDA482-9004-4B7F-9243-5466A55AB6A2}.Release|x64.ActiveCfg = Release|Any CPU
		{BBEDA482-9004-4B7F-9243-5466A55AB6A2}.Release|x64.Build.0 = Release|Any CPU
		{BBEDA482-9004-4B7F-9243-5466A55AB6A2}.Release|x86.ActiveCfg = Release|Any CPU
		{BBEDA482-9004-4B7F-9243-5466A55AB6A2}.Release|x86.Build.0 = Release|Any CPU
		{B0357EC3-AB1B-4876-A0D6-5ADC82F427AF}.Debug|Any CPU.ActiveCfg = Debug|Any CPU
		{B0357EC3-AB1B-4876-A0D6-5ADC82F427AF}.Debug|Any CPU.Build.0 = Debug|Any CPU
		{B0357EC3-AB1B-4876-A0D6-5ADC82F427AF}.Debug|x64.ActiveCfg = Debug|Any CPU
		{B0357EC3-AB1B-4876-A0D6-5ADC82F427AF}.Debug|x64.Build.0 = Debug|Any CPU
		{B0357EC3-AB1B-4876-A0D6-5ADC82F427AF}.Debug|x86.ActiveCfg = Debug|Any CPU
		{B0357EC3-AB1B-4876-A0D6-5ADC82F427AF}.Debug|x86.Build.0 = Debug|Any CPU
		{B0357EC3-AB1B-4876-A0D6-5ADC82F427AF}.Release|Any CPU.ActiveCfg = Release|Any CPU
		{B0357EC3-AB1B-4876-A0D6-5ADC82F427AF}.Release|Any CPU.Build.0 = Release|Any CPU
		{B0357EC3-AB1B-4876-A0D6-5ADC82F427AF}.Release|x64.ActiveCfg = Release|Any CPU
		{B0357EC3-AB1B-4876-A0D6-5ADC82F427AF}.Release|x64.Build.0 = Release|Any CPU
		{B0357EC3-AB1B-4876-A0D6-5ADC82F427AF}.Release|x86.ActiveCfg = Release|Any CPU
		{B0357EC3-AB1B-4876-A0D6-5ADC82F427AF}.Release|x86.Build.0 = Release|Any CPU
		{194CDD5D-A37D-4403-AEA0-F1C581D38055}.Debug|Any CPU.ActiveCfg = Debug|Any CPU
		{194CDD5D-A37D-4403-AEA0-F1C581D38055}.Debug|Any CPU.Build.0 = Debug|Any CPU
		{194CDD5D-A37D-4403-AEA0-F1C581D38055}.Debug|x64.ActiveCfg = Debug|Any CPU
		{194CDD5D-A37D-4403-AEA0-F1C581D38055}.Debug|x64.Build.0 = Debug|Any CPU
		{194CDD5D-A37D-4403-AEA0-F1C581D38055}.Debug|x86.ActiveCfg = Debug|Any CPU
		{194CDD5D-A37D-4403-AEA0-F1C581D38055}.Debug|x86.Build.0 = Debug|Any CPU
		{194CDD5D-A37D-4403-AEA0-F1C581D38055}.Release|Any CPU.ActiveCfg = Release|Any CPU
		{194CDD5D-A37D-4403-AEA0-F1C581D38055}.Release|Any CPU.Build.0 = Release|Any CPU
		{194CDD5D-A37D-4403-AEA0-F1C581D38055}.Release|x64.ActiveCfg = Release|Any CPU
		{194CDD5D-A37D-4403-AEA0-F1C581D38055}.Release|x64.Build.0 = Release|Any CPU
		{194CDD5D-A37D-4403-AEA0-F1C581D38055}.Release|x86.ActiveCfg = Release|Any CPU
		{194CDD5D-A37D-4403-AEA0-F1C581D38055}.Release|x86.Build.0 = Release|Any CPU
		{960E71BC-A840-4BDF-9629-5B9E8F6A3285}.Debug|Any CPU.ActiveCfg = Debug|Any CPU
		{960E71BC-A840-4BDF-9629-5B9E8F6A3285}.Debug|Any CPU.Build.0 = Debug|Any CPU
		{960E71BC-A840-4BDF-9629-5B9E8F6A3285}.Debug|x64.ActiveCfg = Debug|Any CPU
		{960E71BC-A840-4BDF-9629-5B9E8F6A3285}.Debug|x64.Build.0 = Debug|Any CPU
		{960E71BC-A840-4BDF-9629-5B9E8F6A3285}.Debug|x86.ActiveCfg = Debug|Any CPU
		{960E71BC-A840-4BDF-9629-5B9E8F6A3285}.Debug|x86.Build.0 = Debug|Any CPU
		{960E71BC-A840-4BDF-9629-5B9E8F6A3285}.Release|Any CPU.ActiveCfg = Release|Any CPU
		{960E71BC-A840-4BDF-9629-5B9E8F6A3285}.Release|Any CPU.Build.0 = Release|Any CPU
		{960E71BC-A840-4BDF-9629-5B9E8F6A3285}.Release|x64.ActiveCfg = Release|Any CPU
		{960E71BC-A840-4BDF-9629-5B9E8F6A3285}.Release|x64.Build.0 = Release|Any CPU
		{960E71BC-A840-4BDF-9629-5B9E8F6A3285}.Release|x86.ActiveCfg = Release|Any CPU
		{960E71BC-A840-4BDF-9629-5B9E8F6A3285}.Release|x86.Build.0 = Release|Any CPU
		{7F485432-621C-4EF9-927F-57621A34A147}.Debug|Any CPU.ActiveCfg = Debug|Any CPU
		{7F485432-621C-4EF9-927F-57621A34A147}.Debug|Any CPU.Build.0 = Debug|Any CPU
		{7F485432-621C-4EF9-927F-57621A34A147}.Debug|x64.ActiveCfg = Debug|Any CPU
		{7F485432-621C-4EF9-927F-57621A34A147}.Debug|x64.Build.0 = Debug|Any CPU
		{7F485432-621C-4EF9-927F-57621A34A147}.Debug|x86.ActiveCfg = Debug|Any CPU
		{7F485432-621C-4EF9-927F-57621A34A147}.Debug|x86.Build.0 = Debug|Any CPU
		{7F485432-621C-4EF9-927F-57621A34A147}.Release|Any CPU.ActiveCfg = Release|Any CPU
		{7F485432-621C-4EF9-927F-57621A34A147}.Release|Any CPU.Build.0 = Release|Any CPU
		{7F485432-621C-4EF9-927F-57621A34A147}.Release|x64.ActiveCfg = Release|Any CPU
		{7F485432-621C-4EF9-927F-57621A34A147}.Release|x64.Build.0 = Release|Any CPU
		{7F485432-621C-4EF9-927F-57621A34A147}.Release|x86.ActiveCfg = Release|Any CPU
		{7F485432-621C-4EF9-927F-57621A34A147}.Release|x86.Build.0 = Release|Any CPU
		{0025116C-8065-422B-A6D6-79DB29CA357A}.Debug|Any CPU.ActiveCfg = Debug|Any CPU
		{0025116C-8065-422B-A6D6-79DB29CA357A}.Debug|Any CPU.Build.0 = Debug|Any CPU
		{0025116C-8065-422B-A6D6-79DB29CA357A}.Debug|x64.ActiveCfg = Debug|Any CPU
		{0025116C-8065-422B-A6D6-79DB29CA357A}.Debug|x64.Build.0 = Debug|Any CPU
		{0025116C-8065-422B-A6D6-79DB29CA357A}.Debug|x86.ActiveCfg = Debug|Any CPU
		{0025116C-8065-422B-A6D6-79DB29CA357A}.Debug|x86.Build.0 = Debug|Any CPU
		{0025116C-8065-422B-A6D6-79DB29CA357A}.Release|Any CPU.ActiveCfg = Release|Any CPU
		{0025116C-8065-422B-A6D6-79DB29CA357A}.Release|Any CPU.Build.0 = Release|Any CPU
		{0025116C-8065-422B-A6D6-79DB29CA357A}.Release|x64.ActiveCfg = Release|Any CPU
		{0025116C-8065-422B-A6D6-79DB29CA357A}.Release|x64.Build.0 = Release|Any CPU
		{0025116C-8065-422B-A6D6-79DB29CA357A}.Release|x86.ActiveCfg = Release|Any CPU
		{0025116C-8065-422B-A6D6-79DB29CA357A}.Release|x86.Build.0 = Release|Any CPU
		{05976BC0-F5C4-4EDC-8EB9-0FDAB8A24020}.Debug|Any CPU.ActiveCfg = Debug|Any CPU
		{05976BC0-F5C4-4EDC-8EB9-0FDAB8A24020}.Debug|Any CPU.Build.0 = Debug|Any CPU
		{05976BC0-F5C4-4EDC-8EB9-0FDAB8A24020}.Debug|x64.ActiveCfg = Debug|Any CPU
		{05976BC0-F5C4-4EDC-8EB9-0FDAB8A24020}.Debug|x64.Build.0 = Debug|Any CPU
		{05976BC0-F5C4-4EDC-8EB9-0FDAB8A24020}.Debug|x86.ActiveCfg = Debug|Any CPU
		{05976BC0-F5C4-4EDC-8EB9-0FDAB8A24020}.Debug|x86.Build.0 = Debug|Any CPU
		{05976BC0-F5C4-4EDC-8EB9-0FDAB8A24020}.Release|Any CPU.ActiveCfg = Release|Any CPU
		{05976BC0-F5C4-4EDC-8EB9-0FDAB8A24020}.Release|Any CPU.Build.0 = Release|Any CPU
		{05976BC0-F5C4-4EDC-8EB9-0FDAB8A24020}.Release|x64.ActiveCfg = Release|Any CPU
		{05976BC0-F5C4-4EDC-8EB9-0FDAB8A24020}.Release|x64.Build.0 = Release|Any CPU
		{05976BC0-F5C4-4EDC-8EB9-0FDAB8A24020}.Release|x86.ActiveCfg = Release|Any CPU
		{05976BC0-F5C4-4EDC-8EB9-0FDAB8A24020}.Release|x86.Build.0 = Release|Any CPU
	EndGlobalSection
	GlobalSection(SolutionProperties) = preSolution
		HideSolutionNode = FALSE
	EndGlobalSection
	GlobalSection(NestedProjects) = preSolution
		{BA1CF38A-4599-47C0-B840-373D5AAC8779} = {827E0CD3-B72D-47B6-A68D-7590B98EB39B}
		{111227E4-1133-472F-947B-9F74D075600B} = {827E0CD3-B72D-47B6-A68D-7590B98EB39B}
		{8C4726A3-7F79-489C-B107-5FE99D1B0CFD} = {827E0CD3-B72D-47B6-A68D-7590B98EB39B}
		{A17C13E0-8CAA-4915-BB8D-E97E41AD39C0} = {827E0CD3-B72D-47B6-A68D-7590B98EB39B}
		{4A43A6F1-FBE0-43E3-8637-3F4AAF538950} = {827E0CD3-B72D-47B6-A68D-7590B98EB39B}
		{BBEDA482-9004-4B7F-9243-5466A55AB6A2} = {827E0CD3-B72D-47B6-A68D-7590B98EB39B}
		{B0357EC3-AB1B-4876-A0D6-5ADC82F427AF} = {0AB3BF05-4346-4AA6-1389-037BE0695223}
		{194CDD5D-A37D-4403-AEA0-F1C581D38055} = {0AB3BF05-4346-4AA6-1389-037BE0695223}
		{960E71BC-A840-4BDF-9629-5B9E8F6A3285} = {0AB3BF05-4346-4AA6-1389-037BE0695223}
		{7F485432-621C-4EF9-927F-57621A34A147} = {0AB3BF05-4346-4AA6-1389-037BE0695223}
		{0025116C-8065-422B-A6D6-79DB29CA357A} = {0AB3BF05-4346-4AA6-1389-037BE0695223}
		{05976BC0-F5C4-4EDC-8EB9-0FDAB8A24020} = {0AB3BF05-4346-4AA6-1389-037BE0695223}
	EndGlobalSection
EndGlobal
